
Microsoft Visual Studio Solution File, Format Version 12.00
# Visual Studio Version 16
VisualStudioVersion = 16.0.34031.81
MinimumVisualStudioVersion = 10.0.40219.1
Project("{9A19103F-16F7-4668-BE54-9A1E7A4F7556}") = "StudentMVC", "StudentMVC\StudentMVC.csproj", "{5C6C39B1-20D4-45EF-A694-3579DEC4A17B}"
EndProject
Project("{9A19103F-16F7-4668-BE54-9A1E7A4F7556}") = "Dataacesslayer", "Dataacesslayer\Dataacesslayer.csproj", "{9C315305-7AAD-40F8-9721-66BB1134F285}"
EndProject
Global
	GlobalSection(SolutionConfigurationPlatforms) = preSolution
		Debug|Any CPU = Debug|Any CPU
		Release|Any CPU = Release|Any CPU
	EndGlobalSection
	GlobalSection(ProjectConfigurationPlatforms) = postSolution
		{5C6C39B1-20D4-45EF-A694-3579DEC4A17B}.Debug|Any CPU.ActiveCfg = Debug|Any CPU
		{5C6C39B1-20D4-45EF-A694-3579DEC4A17B}.Debug|Any CPU.Build.0 = Debug|Any CPU
		{5C6C39B1-20D4-45EF-A694-3579DEC4A17B}.Release|Any CPU.ActiveCfg = Release|Any CPU
		{5C6C39B1-20D4-45EF-A694-3579DEC4A17B}.Release|Any CPU.Build.0 = Release|Any CPU
		{9C315305-7AAD-40F8-9721-66BB1134F285}.Debug|Any CPU.ActiveCfg = Debug|Any CPU
		{9C315305-7AAD-40F8-9721-66BB1134F285}.Debug|Any CPU.Build.0 = Debug|Any CPU
		{9C315305-7AAD-40F8-9721-66BB1134F285}.Release|Any CPU.ActiveCfg = Release|Any CPU
		{9C315305-7AAD-40F8-9721-66BB1134F285}.Release|Any CPU.Build.0 = Release|Any CPU
	EndGlobalSection
	GlobalSection(SolutionProperties) = preSolution
		HideSolutionNode = FALSE
	EndGlobalSection
	GlobalSection(ExtensibilityGlobals) = postSolution
		SolutionGuid = {3F43ED0F-B78F-4D8F-9F54-E6AD29B27A8D}
	EndGlobalSection
EndGlobal
